// !$*UTF8*$!
{
	archiveVersion = 1;
	classes = {
	};
	objectVersion = 46;
	objects = {

/* Begin PBXBuildFile section */
		006D720419952D00008149E2 /* AVFoundation.framework in Frameworks */ = {isa = PBXBuildFile; fileRef = 006D720219952D00008149E2 /* AVFoundation.framework */; };
		006D720519952D00008149E2 /* CoreMedia.framework in Frameworks */ = {isa = PBXBuildFile; fileRef = 006D720319952D00008149E2 /* CoreMedia.framework */; };
		0091D8F90E81B9330029341E /* OpenGL.framework in Frameworks */ = {isa = PBXBuildFile; fileRef = 0091D8F80E81B9330029341E /* OpenGL.framework */; };
		00B784B30FF439BC000DE1D7 /* Accelerate.framework in Frameworks */ = {isa = PBXBuildFile; fileRef = 00B784AF0FF439BC000DE1D7 /* Accelerate.framework */; };
		00B784B40FF439BC000DE1D7 /* AudioToolbox.framework in Frameworks */ = {isa = PBXBuildFile; fileRef = 00B784B00FF439BC000DE1D7 /* AudioToolbox.framework */; };
		00B784B50FF439BC000DE1D7 /* AudioUnit.framework in Frameworks */ = {isa = PBXBuildFile; fileRef = 00B784B10FF439BC000DE1D7 /* AudioUnit.framework */; };
		00B784B60FF439BC000DE1D7 /* CoreAudio.framework in Frameworks */ = {isa = PBXBuildFile; fileRef = 00B784B20FF439BC000DE1D7 /* CoreAudio.framework */; };
		00B9955A1B128DF400A5C623 /* IOKit.framework in Frameworks */ = {isa = PBXBuildFile; fileRef = 00B995581B128DF400A5C623 /* IOKit.framework */; };
		00B9955B1B128DF400A5C623 /* IOSurface.framework in Frameworks */ = {isa = PBXBuildFile; fileRef = 00B995591B128DF400A5C623 /* IOSurface.framework */; };
		03D0F7444F9640B5B388223A /* b2Body.cpp in Sources */ = {isa = PBXBuildFile; fileRef = 339FEF36B3DA4479A00E169B /* b2Body.cpp */; };
		04D8E8CF64A34D37B9501017 /* b2ContactSolver.cpp in Sources */ = {isa = PBXBuildFile; fileRef = 96DA02288EEA4E68A620336D /* b2ContactSolver.cpp */; };
		084F2FFC23144E459A99650F /* CinderApp.icns in Resources */ = {isa = PBXBuildFile; fileRef = A86D6E0747E44099BB03870F /* CinderApp.icns */; };
		111D4635DF5E46A385DD8A1F /* b2Draw.cpp in Sources */ = {isa = PBXBuildFile; fileRef = 7336FCDF19714683A18B1B7B /* b2Draw.cpp */; };
		18645BBE5E6043EF838EA6F5 /* b2DistanceJoint.cpp in Sources */ = {isa = PBXBuildFile; fileRef = 527E163096974733B3CB7C17 /* b2DistanceJoint.cpp */; };
		1DE683E2AB71464C9515740D /* b2WeldJoint.cpp in Sources */ = {isa = PBXBuildFile; fileRef = 59207162ADAC484C97F8AE30 /* b2WeldJoint.cpp */; };
		22C11F91EB23438AA9556B6E /* b2Fixture.cpp in Sources */ = {isa = PBXBuildFile; fileRef = B35F230B10944CBCB834D296 /* b2Fixture.cpp */; };
		251093CABF294669A521E0A7 /* b2RevoluteJoint.cpp in Sources */ = {isa = PBXBuildFile; fileRef = D99717A244ED418D80B9324C /* b2RevoluteJoint.cpp */; };
		25C4D6E87913458699B083C0 /* b2Joint.cpp in Sources */ = {isa = PBXBuildFile; fileRef = 87011259B9D14D17B2F5C1C7 /* b2Joint.cpp */; };
		27D8685517954C73A3A21BB8 /* b2ChainAndCircleContact.cpp in Sources */ = {isa = PBXBuildFile; fileRef = 27F35CE62D324E728E3127A9 /* b2ChainAndCircleContact.cpp */; };
		2CFDC57FC581461DA93459F9 /* b2WheelJoint.cpp in Sources */ = {isa = PBXBuildFile; fileRef = 875569B48D744E8ABF308249 /* b2WheelJoint.cpp */; };
		34D01F72E53D451A8363F89A /* b2EdgeShape.cpp in Sources */ = {isa = PBXBuildFile; fileRef = 4E1405E55BA042A6AACBBBB1 /* b2EdgeShape.cpp */; };
		37132775755C48D6957D8A52 /* b2Rope.cpp in Sources */ = {isa = PBXBuildFile; fileRef = 5266C2AA1B3048BE9142801D /* b2Rope.cpp */; };
		37F271E1409E483CAAA6B53A /* b2Settings.cpp in Sources */ = {isa = PBXBuildFile; fileRef = 4FDBBF71886748C4925364F1 /* b2Settings.cpp */; };
		3E313288A499406BA7E846F8 /* b2RopeJoint.cpp in Sources */ = {isa = PBXBuildFile; fileRef = 90B6C86B837F4355A6B508F5 /* b2RopeJoint.cpp */; };
		435E46E88A9F42388CBAE63D /* b2WorldCallbacks.cpp in Sources */ = {isa = PBXBuildFile; fileRef = 24592659AEC9420080CC0BCD /* b2WorldCallbacks.cpp */; };
		4474EEE7DCDD4F3FB0AD2903 /* b2FrictionJoint.cpp in Sources */ = {isa = PBXBuildFile; fileRef = CB58040593BF41ED81A0422A /* b2FrictionJoint.cpp */; };
		46D38221AF224B6792E99B17 /* b2TimeOfImpact.cpp in Sources */ = {isa = PBXBuildFile; fileRef = DEEE565507F64F049A836AE1 /* b2TimeOfImpact.cpp */; };
		4AB642F473994BF2A35B54A6 /* b2CircleContact.cpp in Sources */ = {isa = PBXBuildFile; fileRef = 8F5C43B5AB7548CA81481689 /* b2CircleContact.cpp */; };
		4AD787F40E7B4592A18BB285 /* b2EdgeAndCircleContact.cpp in Sources */ = {isa = PBXBuildFile; fileRef = 226BE71F040E454E86E68E1E /* b2EdgeAndCircleContact.cpp */; };
		4C5A7D9E3E504779B3E2C25E /* b2DynamicTree.cpp in Sources */ = {isa = PBXBuildFile; fileRef = 5108A9ED69CC4652ACFFD5A9 /* b2DynamicTree.cpp */; };
		4EDB11DC2EE6404188FFC6E8 /* b2ContactManager.cpp in Sources */ = {isa = PBXBuildFile; fileRef = 0892293206674AA3818F2BD2 /* b2ContactManager.cpp */; };
		50A77FA60ECA4AE38F4893BB /* b2MouseJoint.cpp in Sources */ = {isa = PBXBuildFile; fileRef = 32E04E706F544EEF9128CE64 /* b2MouseJoint.cpp */; };
		5111C9BD7C7E4D789DE0F531 /* b2PolygonShape.cpp in Sources */ = {isa = PBXBuildFile; fileRef = DD5853EA8742437D8DFA5284 /* b2PolygonShape.cpp */; };
		5323E6B20EAFCA74003A9687 /* CoreVideo.framework in Frameworks */ = {isa = PBXBuildFile; fileRef = 5323E6B10EAFCA74003A9687 /* CoreVideo.framework */; };
		53453C885CD542DBB9EB2DE5 /* b2BlockAllocator.cpp in Sources */ = {isa = PBXBuildFile; fileRef = F02822B8139C40088DDAB73D /* b2BlockAllocator.cpp */; };
		54AE5A162BC54C58AF15931C /* b2CollideEdge.cpp in Sources */ = {isa = PBXBuildFile; fileRef = 84E561D99B9C406BBC701606 /* b2CollideEdge.cpp */; };
		5B67F577EDF341338C909C82 /* b2World.cpp in Sources */ = {isa = PBXBuildFile; fileRef = 707019C1DB274CE1A3B46FFE /* b2World.cpp */; };
		5C8E2333EFE24FD4BFAA3520 /* b2PolygonContact.cpp in Sources */ = {isa = PBXBuildFile; fileRef = ADB48C823940413B8C1E809D /* b2PolygonContact.cpp */; };
		6138CCF1FB76498B9407899C /* b2Collision.cpp in Sources */ = {isa = PBXBuildFile; fileRef = 7F093CE5968344AB96203498 /* b2Collision.cpp */; };
		75B95CF58C174B048ECD08E9 /* b2Contact.cpp in Sources */ = {isa = PBXBuildFile; fileRef = 1E6EA5CC5C6642D6833A78CD /* b2Contact.cpp */; };
		8D11072F0486CEB800E47090 /* Cocoa.framework in Frameworks */ = {isa = PBXBuildFile; fileRef = 1058C7A1FEA54F0111CA2CBB /* Cocoa.framework */; };
		8FD15B3174AF4A36AABB9C41 /* b2Island.cpp in Sources */ = {isa = PBXBuildFile; fileRef = DA30D2507F2E4FAC9747B90F /* b2Island.cpp */; };
		917D9A009B624AF083815073 /* b2CollidePolygon.cpp in Sources */ = {isa = PBXBuildFile; fileRef = 433D213525D449DD9820AB74 /* b2CollidePolygon.cpp */; };
		A79C0B51059C4452B09C7288 /* b2ChainShape.cpp in Sources */ = {isa = PBXBuildFile; fileRef = 7983F8030C0E4DC380E85AD5 /* b2ChainShape.cpp */; };
		B0ADB28DACA64837A9E9DB2F /* b2StackAllocator.cpp in Sources */ = {isa = PBXBuildFile; fileRef = E9817149A171491799DBA3D7 /* b2StackAllocator.cpp */; };
		B1DF30D837C7493FB9682EBB /* b2PulleyJoint.cpp in Sources */ = {isa = PBXBuildFile; fileRef = 64260711C2D04F6BA2C91421 /* b2PulleyJoint.cpp */; };
		C672A01A6AFA4556A47E3C33 /* b2BroadPhase.cpp in Sources */ = {isa = PBXBuildFile; fileRef = C5797DF54FE54EE9A6FC5080 /* b2BroadPhase.cpp */; };
		D162C90A7A56480292090809 /* b2Timer.cpp in Sources */ = {isa = PBXBuildFile; fileRef = B1C6590D26894D5493CE4CE7 /* b2Timer.cpp */; };
		DF7864158FD14ACF845DC65B /* b2CollideCircle.cpp in Sources */ = {isa = PBXBuildFile; fileRef = 879E4CC6561A4D22A9FFEFD0 /* b2CollideCircle.cpp */; };
		E32C87266BAB4D42BBF08880 /* b2CircleShape.cpp in Sources */ = {isa = PBXBuildFile; fileRef = 81F26087FCE84C8C8FC2FABF /* b2CircleShape.cpp */; };
		E4B44A3F1B484781859BF2AF /* b2EdgeAndPolygonContact.cpp in Sources */ = {isa = PBXBuildFile; fileRef = 27BEA0BCE4284EE496D85040 /* b2EdgeAndPolygonContact.cpp */; };
		E829B6054F8C40F595BE8D6B /* b2PrismaticJoint.cpp in Sources */ = {isa = PBXBuildFile; fileRef = E5B6360195E442B2AA6C37B0 /* b2PrismaticJoint.cpp */; };
		EF8B2622232E459DBDA0D45F /* QuadTreeApp.cpp in Sources */ = {isa = PBXBuildFile; fileRef = 63ED66000F114A0F865E5A55 /* QuadTreeApp.cpp */; };
		F7DF00F48A794220AD15BD58 /* b2GearJoint.cpp in Sources */ = {isa = PBXBuildFile; fileRef = CF5F2620B9D64621AD607161 /* b2GearJoint.cpp */; };
		F7F2A25BAB5649919DE304F4 /* b2PolygonAndCircleContact.cpp in Sources */ = {isa = PBXBuildFile; fileRef = 4D89BB1D99814086ACF9024E /* b2PolygonAndCircleContact.cpp */; };
		FC636B54C057483C9345A886 /* b2Math.cpp in Sources */ = {isa = PBXBuildFile; fileRef = 1D6948061B0D4762BA42E124 /* b2Math.cpp */; };
		FD494EAC5BBD4DEC93B8FE51 /* b2ChainAndPolygonContact.cpp in Sources */ = {isa = PBXBuildFile; fileRef = B64ABD683D6340019D22F104 /* b2ChainAndPolygonContact.cpp */; };
		FD4C962F4FBC490D8939B0F4 /* b2Distance.cpp in Sources */ = {isa = PBXBuildFile; fileRef = 9F77C0237E1D4B989E52F21E /* b2Distance.cpp */; };
/* End PBXBuildFile section */

/* Begin PBXFileReference section */
		006D720219952D00008149E2 /* AVFoundation.framework */ = {isa = PBXFileReference; lastKnownFileType = wrapper.framework; name = AVFoundation.framework; path = System/Library/Frameworks/AVFoundation.framework; sourceTree = SDKROOT; };
		006D720319952D00008149E2 /* CoreMedia.framework */ = {isa = PBXFileReference; lastKnownFileType = wrapper.framework; name = CoreMedia.framework; path = System/Library/Frameworks/CoreMedia.framework; sourceTree = SDKROOT; };
		0091D8F80E81B9330029341E /* OpenGL.framework */ = {isa = PBXFileReference; lastKnownFileType = wrapper.framework; name = OpenGL.framework; path = /System/Library/Frameworks/OpenGL.framework; sourceTree = "<absolute>"; };
		00B784AF0FF439BC000DE1D7 /* Accelerate.framework */ = {isa = PBXFileReference; lastKnownFileType = wrapper.framework; name = Accelerate.framework; path = System/Library/Frameworks/Accelerate.framework; sourceTree = SDKROOT; };
		00B784B00FF439BC000DE1D7 /* AudioToolbox.framework */ = {isa = PBXFileReference; lastKnownFileType = wrapper.framework; name = AudioToolbox.framework; path = System/Library/Frameworks/AudioToolbox.framework; sourceTree = SDKROOT; };
		00B784B10FF439BC000DE1D7 /* AudioUnit.framework */ = {isa = PBXFileReference; lastKnownFileType = wrapper.framework; name = AudioUnit.framework; path = System/Library/Frameworks/AudioUnit.framework; sourceTree = SDKROOT; };
		00B784B20FF439BC000DE1D7 /* CoreAudio.framework */ = {isa = PBXFileReference; lastKnownFileType = wrapper.framework; name = CoreAudio.framework; path = System/Library/Frameworks/CoreAudio.framework; sourceTree = SDKROOT; };
		00B995581B128DF400A5C623 /* IOKit.framework */ = {isa = PBXFileReference; lastKnownFileType = wrapper.framework; name = IOKit.framework; path = System/Library/Frameworks/IOKit.framework; sourceTree = SDKROOT; };
		00B995591B128DF400A5C623 /* IOSurface.framework */ = {isa = PBXFileReference; lastKnownFileType = wrapper.framework; name = IOSurface.framework; path = System/Library/Frameworks/IOSurface.framework; sourceTree = SDKROOT; };
		0892293206674AA3818F2BD2 /* b2ContactManager.cpp */ = {isa = PBXFileReference; lastKnownFileType = sourcecode.c.cpp; name = b2ContactManager.cpp; path = ../blocks/Box2D/src/Box2D/Dynamics/b2ContactManager.cpp; sourceTree = "<group>"; };
		0BAE0E4E4B2B4B8DA03818CC /* b2Math.h */ = {isa = PBXFileReference; lastKnownFileType = sourcecode.c.h; name = b2Math.h; path = ../blocks/Box2D/src/Box2D/Common/b2Math.h; sourceTree = "<group>"; };
		0BB47EEF0FD54050B16F2A32 /* b2BlockAllocator.h */ = {isa = PBXFileReference; lastKnownFileType = sourcecode.c.h; name = b2BlockAllocator.h; path = ../blocks/Box2D/src/Box2D/Common/b2BlockAllocator.h; sourceTree = "<group>"; };
		0E1DD070FE43428DADF13863 /* b2GrowableStack.h */ = {isa = PBXFileReference; lastKnownFileType = sourcecode.c.h; name = b2GrowableStack.h; path = ../blocks/Box2D/src/Box2D/Common/b2GrowableStack.h; sourceTree = "<group>"; };
		0E7C77ADD56A4110A286CED9 /* b2Settings.h */ = {isa = PBXFileReference; lastKnownFileType = sourcecode.c.h; name = b2Settings.h; path = ../blocks/Box2D/src/Box2D/Common/b2Settings.h; sourceTree = "<group>"; };
		1058C7A1FEA54F0111CA2CBB /* Cocoa.framework */ = {isa = PBXFileReference; lastKnownFileType = wrapper.framework; name = Cocoa.framework; path = /System/Library/Frameworks/Cocoa.framework; sourceTree = "<absolute>"; };
		1849D5BC1DF942C3A415F05E /* b2PolygonShape.h */ = {isa = PBXFileReference; lastKnownFileType = sourcecode.c.h; name = b2PolygonShape.h; path = ../blocks/Box2D/src/Box2D/Collision/Shapes/b2PolygonShape.h; sourceTree = "<group>"; };
		1884496E9F0049D0ACA89531 /* b2World.h */ = {isa = PBXFileReference; lastKnownFileType = sourcecode.c.h; name = b2World.h; path = ../blocks/Box2D/src/Box2D/Dynamics/b2World.h; sourceTree = "<group>"; };
		1D6948061B0D4762BA42E124 /* b2Math.cpp */ = {isa = PBXFileReference; lastKnownFileType = sourcecode.c.cpp; name = b2Math.cpp; path = ../blocks/Box2D/src/Box2D/Common/b2Math.cpp; sourceTree = "<group>"; };
		1D85F01A818A4A769736610F /* b2Collision.h */ = {isa = PBXFileReference; lastKnownFileType = sourcecode.c.h; name = b2Collision.h; path = ../blocks/Box2D/src/Box2D/Collision/b2Collision.h; sourceTree = "<group>"; };
		1E6EA5CC5C6642D6833A78CD /* b2Contact.cpp */ = {isa = PBXFileReference; lastKnownFileType = sourcecode.c.cpp; name = b2Contact.cpp; path = ../blocks/Box2D/src/Box2D/Dynamics/Contacts/b2Contact.cpp; sourceTree = "<group>"; };
		1F9BAE18D7F84D45981EAC68 /* b2TimeStep.h */ = {isa = PBXFileReference; lastKnownFileType = sourcecode.c.h; name = b2TimeStep.h; path = ../blocks/Box2D/src/Box2D/Dynamics/b2TimeStep.h; sourceTree = "<group>"; };
		226BE71F040E454E86E68E1E /* b2EdgeAndCircleContact.cpp */ = {isa = PBXFileReference; lastKnownFileType = sourcecode.c.cpp; name = b2EdgeAndCircleContact.cpp; path = ../blocks/Box2D/src/Box2D/Dynamics/Contacts/b2EdgeAndCircleContact.cpp; sourceTree = "<group>"; };
		22A285BE28C3CCFB00688587 /* Quadtree.h */ = {isa = PBXFileReference; lastKnownFileType = sourcecode.c.h; path = Quadtree.h; sourceTree = "<group>"; };
		24592659AEC9420080CC0BCD /* b2WorldCallbacks.cpp */ = {isa = PBXFileReference; lastKnownFileType = sourcecode.c.cpp; name = b2WorldCallbacks.cpp; path = ../blocks/Box2D/src/Box2D/Dynamics/b2WorldCallbacks.cpp; sourceTree = "<group>"; };
		272895A26B444F7AB239A348 /* b2ContactManager.h */ = {isa = PBXFileReference; lastKnownFileType = sourcecode.c.h; name = b2ContactManager.h; path = ../blocks/Box2D/src/Box2D/Dynamics/b2ContactManager.h; sourceTree = "<group>"; };
		27BEA0BCE4284EE496D85040 /* b2EdgeAndPolygonContact.cpp */ = {isa = PBXFileReference; lastKnownFileType = sourcecode.c.cpp; name = b2EdgeAndPolygonContact.cpp; path = ../blocks/Box2D/src/Box2D/Dynamics/Contacts/b2EdgeAndPolygonContact.cpp; sourceTree = "<group>"; };
		27F35CE62D324E728E3127A9 /* b2ChainAndCircleContact.cpp */ = {isa = PBXFileReference; lastKnownFileType = sourcecode.c.cpp; name = b2ChainAndCircleContact.cpp; path = ../blocks/Box2D/src/Box2D/Dynamics/Contacts/b2ChainAndCircleContact.cpp; sourceTree = "<group>"; };
		29B97324FDCFA39411CA2CEA /* AppKit.framework */ = {isa = PBXFileReference; lastKnownFileType = wrapper.framework; name = AppKit.framework; path = /System/Library/Frameworks/AppKit.framework; sourceTree = "<absolute>"; };
		29B97325FDCFA39411CA2CEA /* Foundation.framework */ = {isa = PBXFileReference; lastKnownFileType = wrapper.framework; name = Foundation.framework; path = /System/Library/Frameworks/Foundation.framework; sourceTree = "<absolute>"; };
		2EE061D94D2B41BB9E9B6110 /* b2MouseJoint.h */ = {isa = PBXFileReference; lastKnownFileType = sourcecode.c.h; name = b2MouseJoint.h; path = ../blocks/Box2D/src/Box2D/Dynamics/Joints/b2MouseJoint.h; sourceTree = "<group>"; };
		32E04E706F544EEF9128CE64 /* b2MouseJoint.cpp */ = {isa = PBXFileReference; lastKnownFileType = sourcecode.c.cpp; name = b2MouseJoint.cpp; path = ../blocks/Box2D/src/Box2D/Dynamics/Joints/b2MouseJoint.cpp; sourceTree = "<group>"; };
		339FEF36B3DA4479A00E169B /* b2Body.cpp */ = {isa = PBXFileReference; lastKnownFileType = sourcecode.c.cpp; name = b2Body.cpp; path = ../blocks/Box2D/src/Box2D/Dynamics/b2Body.cpp; sourceTree = "<group>"; };
		3751F0D0E508430D8CFAF839 /* b2Draw.h */ = {isa = PBXFileReference; lastKnownFileType = sourcecode.c.h; name = b2Draw.h; path = ../blocks/Box2D/src/Box2D/Common/b2Draw.h; sourceTree = "<group>"; };
		3FC3A16CFE2945F8AF807B8C /* b2TimeOfImpact.h */ = {isa = PBXFileReference; lastKnownFileType = sourcecode.c.h; name = b2TimeOfImpact.h; path = ../blocks/Box2D/src/Box2D/Collision/b2TimeOfImpact.h; sourceTree = "<group>"; };
		433D213525D449DD9820AB74 /* b2CollidePolygon.cpp */ = {isa = PBXFileReference; lastKnownFileType = sourcecode.c.cpp; name = b2CollidePolygon.cpp; path = ../blocks/Box2D/src/Box2D/Collision/b2CollidePolygon.cpp; sourceTree = "<group>"; };
		4634F0809D4D459FBBA2B5F9 /* b2WeldJoint.h */ = {isa = PBXFileReference; lastKnownFileType = sourcecode.c.h; name = b2WeldJoint.h; path = ../blocks/Box2D/src/Box2D/Dynamics/Joints/b2WeldJoint.h; sourceTree = "<group>"; };
		4D400006E8D54A1193BC55B6 /* Box2d.h */ = {isa = PBXFileReference; lastKnownFileType = sourcecode.c.h; name = Box2d.h; path = ../blocks/Box2D/src/Box2D/Box2d.h; sourceTree = "<group>"; };
		4D89BB1D99814086ACF9024E /* b2PolygonAndCircleContact.cpp */ = {isa = PBXFileReference; lastKnownFileType = sourcecode.c.cpp; name = b2PolygonAndCircleContact.cpp; path = ../blocks/Box2D/src/Box2D/Dynamics/Contacts/b2PolygonAndCircleContact.cpp; sourceTree = "<group>"; };
		4E1405E55BA042A6AACBBBB1 /* b2EdgeShape.cpp */ = {isa = PBXFileReference; lastKnownFileType = sourcecode.c.cpp; name = b2EdgeShape.cpp; path = ../blocks/Box2D/src/Box2D/Collision/Shapes/b2EdgeShape.cpp; sourceTree = "<group>"; };
		4FDBBF71886748C4925364F1 /* b2Settings.cpp */ = {isa = PBXFileReference; lastKnownFileType = sourcecode.c.cpp; name = b2Settings.cpp; path = ../blocks/Box2D/src/Box2D/Common/b2Settings.cpp; sourceTree = "<group>"; };
		5108A9ED69CC4652ACFFD5A9 /* b2DynamicTree.cpp */ = {isa = PBXFileReference; lastKnownFileType = sourcecode.c.cpp; name = b2DynamicTree.cpp; path = ../blocks/Box2D/src/Box2D/Collision/b2DynamicTree.cpp; sourceTree = "<group>"; };
		52046850FB6845C5B0D6439F /* b2PolygonContact.h */ = {isa = PBXFileReference; lastKnownFileType = sourcecode.c.h; name = b2PolygonContact.h; path = ../blocks/Box2D/src/Box2D/Dynamics/Contacts/b2PolygonContact.h; sourceTree = "<group>"; };
		5266C2AA1B3048BE9142801D /* b2Rope.cpp */ = {isa = PBXFileReference; lastKnownFileType = sourcecode.c.cpp; name = b2Rope.cpp; path = ../blocks/Box2D/src/Box2D/Rope/b2Rope.cpp; sourceTree = "<group>"; };
		527E163096974733B3CB7C17 /* b2DistanceJoint.cpp */ = {isa = PBXFileReference; lastKnownFileType = sourcecode.c.cpp; name = b2DistanceJoint.cpp; path = ../blocks/Box2D/src/Box2D/Dynamics/Joints/b2DistanceJoint.cpp; sourceTree = "<group>"; };
		5323E6B10EAFCA74003A9687 /* CoreVideo.framework */ = {isa = PBXFileReference; lastKnownFileType = wrapper.framework; name = CoreVideo.framework; path = /System/Library/Frameworks/CoreVideo.framework; sourceTree = "<absolute>"; };
		5858DE473E9C48D093C0234E /* b2Timer.h */ = {isa = PBXFileReference; lastKnownFileType = sourcecode.c.h; name = b2Timer.h; path = ../blocks/Box2D/src/Box2D/Common/b2Timer.h; sourceTree = "<group>"; };
		59207162ADAC484C97F8AE30 /* b2WeldJoint.cpp */ = {isa = PBXFileReference; lastKnownFileType = sourcecode.c.cpp; name = b2WeldJoint.cpp; path = ../blocks/Box2D/src/Box2D/Dynamics/Joints/b2WeldJoint.cpp; sourceTree = "<group>"; };
		63ED66000F114A0F865E5A55 /* QuadTreeApp.cpp */ = {isa = PBXFileReference; lastKnownFileType = sourcecode.c.cpp; name = QuadTreeApp.cpp; path = ../src/QuadTreeApp.cpp; sourceTree = "<group>"; };
		640D15341EFB4B1095E03AFF /* b2ContactSolver.h */ = {isa = PBXFileReference; lastKnownFileType = sourcecode.c.h; name = b2ContactSolver.h; path = ../blocks/Box2D/src/Box2D/Dynamics/Contacts/b2ContactSolver.h; sourceTree = "<group>"; };
		64260711C2D04F6BA2C91421 /* b2PulleyJoint.cpp */ = {isa = PBXFileReference; lastKnownFileType = sourcecode.c.cpp; name = b2PulleyJoint.cpp; path = ../blocks/Box2D/src/Box2D/Dynamics/Joints/b2PulleyJoint.cpp; sourceTree = "<group>"; };
		6490B6174556427989033E89 /* b2Contact.h */ = {isa = PBXFileReference; lastKnownFileType = sourcecode.c.h; name = b2Contact.h; path = ../blocks/Box2D/src/Box2D/Dynamics/Contacts/b2Contact.h; sourceTree = "<group>"; };
		6A13D59B2E9A484EA396835B /* b2RevoluteJoint.h */ = {isa = PBXFileReference; lastKnownFileType = sourcecode.c.h; name = b2RevoluteJoint.h; path = ../blocks/Box2D/src/Box2D/Dynamics/Joints/b2RevoluteJoint.h; sourceTree = "<group>"; };
		6F3231EC457C4E91AF1A02F6 /* b2WheelJoint.h */ = {isa = PBXFileReference; lastKnownFileType = sourcecode.c.h; name = b2WheelJoint.h; path = ../blocks/Box2D/src/Box2D/Dynamics/Joints/b2WheelJoint.h; sourceTree = "<group>"; };
		707019C1DB274CE1A3B46FFE /* b2World.cpp */ = {isa = PBXFileReference; lastKnownFileType = sourcecode.c.cpp; name = b2World.cpp; path = ../blocks/Box2D/src/Box2D/Dynamics/b2World.cpp; sourceTree = "<group>"; };
		70BAE62D5A9449F8849B26EE /* b2PolygonAndCircleContact.h */ = {isa = PBXFileReference; lastKnownFileType = sourcecode.c.h; name = b2PolygonAndCircleContact.h; path = ../blocks/Box2D/src/Box2D/Dynamics/Contacts/b2PolygonAndCircleContact.h; sourceTree = "<group>"; };
		7336FCDF19714683A18B1B7B /* b2Draw.cpp */ = {isa = PBXFileReference; lastKnownFileType = sourcecode.c.cpp; name = b2Draw.cpp; path = ../blocks/Box2D/src/Box2D/Common/b2Draw.cpp; sourceTree = "<group>"; };
		7547958D7BEA47B687A8F60C /* b2Joint.h */ = {isa = PBXFileReference; lastKnownFileType = sourcecode.c.h; name = b2Joint.h; path = ../blocks/Box2D/src/Box2D/Dynamics/Joints/b2Joint.h; sourceTree = "<group>"; };
		7983F8030C0E4DC380E85AD5 /* b2ChainShape.cpp */ = {isa = PBXFileReference; lastKnownFileType = sourcecode.c.cpp; name = b2ChainShape.cpp; path = ../blocks/Box2D/src/Box2D/Collision/Shapes/b2ChainShape.cpp; sourceTree = "<group>"; };
		7F093CE5968344AB96203498 /* b2Collision.cpp */ = {isa = PBXFileReference; lastKnownFileType = sourcecode.c.cpp; name = b2Collision.cpp; path = ../blocks/Box2D/src/Box2D/Collision/b2Collision.cpp; sourceTree = "<group>"; };
		807A23CF09864189BE518812 /* b2Rope.h */ = {isa = PBXFileReference; lastKnownFileType = sourcecode.c.h; name = b2Rope.h; path = ../blocks/Box2D/src/Box2D/Rope/b2Rope.h; sourceTree = "<group>"; };
		81F26087FCE84C8C8FC2FABF /* b2CircleShape.cpp */ = {isa = PBXFileReference; lastKnownFileType = sourcecode.c.cpp; name = b2CircleShape.cpp; path = ../blocks/Box2D/src/Box2D/Collision/Shapes/b2CircleShape.cpp; sourceTree = "<group>"; };
		822A4BCC751A4A25BAF9959D /* b2ChainShape.h */ = {isa = PBXFileReference; lastKnownFileType = sourcecode.c.h; name = b2ChainShape.h; path = ../blocks/Box2D/src/Box2D/Collision/Shapes/b2ChainShape.h; sourceTree = "<group>"; };
		84D8F3F2414E4A90BE070F33 /* b2FrictionJoint.h */ = {isa = PBXFileReference; lastKnownFileType = sourcecode.c.h; name = b2FrictionJoint.h; path = ../blocks/Box2D/src/Box2D/Dynamics/Joints/b2FrictionJoint.h; sourceTree = "<group>"; };
		84E561D99B9C406BBC701606 /* b2CollideEdge.cpp */ = {isa = PBXFileReference; lastKnownFileType = sourcecode.c.cpp; name = b2CollideEdge.cpp; path = ../blocks/Box2D/src/Box2D/Collision/b2CollideEdge.cpp; sourceTree = "<group>"; };
		862186A5EA07434398A32EE3 /* b2PulleyJoint.h */ = {isa = PBXFileReference; lastKnownFileType = sourcecode.c.h; name = b2PulleyJoint.h; path = ../blocks/Box2D/src/Box2D/Dynamics/Joints/b2PulleyJoint.h; sourceTree = "<group>"; };
		87011259B9D14D17B2F5C1C7 /* b2Joint.cpp */ = {isa = PBXFileReference; lastKnownFileType = sourcecode.c.cpp; name = b2Joint.cpp; path = ../blocks/Box2D/src/Box2D/Dynamics/Joints/b2Joint.cpp; sourceTree = "<group>"; };
		875569B48D744E8ABF308249 /* b2WheelJoint.cpp */ = {isa = PBXFileReference; lastKnownFileType = sourcecode.c.cpp; name = b2WheelJoint.cpp; path = ../blocks/Box2D/src/Box2D/Dynamics/Joints/b2WheelJoint.cpp; sourceTree = "<group>"; };
		879E4CC6561A4D22A9FFEFD0 /* b2CollideCircle.cpp */ = {isa = PBXFileReference; lastKnownFileType = sourcecode.c.cpp; name = b2CollideCircle.cpp; path = ../blocks/Box2D/src/Box2D/Collision/b2CollideCircle.cpp; sourceTree = "<group>"; };
		8D1107320486CEB800E47090 /* QuadTree.app */ = {isa = PBXFileReference; explicitFileType = wrapper.application; includeInIndex = 0; path = QuadTree.app; sourceTree = BUILT_PRODUCTS_DIR; };
		8F5C43B5AB7548CA81481689 /* b2CircleContact.cpp */ = {isa = PBXFileReference; lastKnownFileType = sourcecode.c.cpp; name = b2CircleContact.cpp; path = ../blocks/Box2D/src/Box2D/Dynamics/Contacts/b2CircleContact.cpp; sourceTree = "<group>"; };
		90B6C86B837F4355A6B508F5 /* b2RopeJoint.cpp */ = {isa = PBXFileReference; lastKnownFileType = sourcecode.c.cpp; name = b2RopeJoint.cpp; path = ../blocks/Box2D/src/Box2D/Dynamics/Joints/b2RopeJoint.cpp; sourceTree = "<group>"; };
		922D55EE8D6444FFB6E63A1D /* b2ChainAndCircleContact.h */ = {isa = PBXFileReference; lastKnownFileType = sourcecode.c.h; name = b2ChainAndCircleContact.h; path = ../blocks/Box2D/src/Box2D/Dynamics/Contacts/b2ChainAndCircleContact.h; sourceTree = "<group>"; };
		940DD3945D104696878B4276 /* b2Body.h */ = {isa = PBXFileReference; lastKnownFileType = sourcecode.c.h; name = b2Body.h; path = ../blocks/Box2D/src/Box2D/Dynamics/b2Body.h; sourceTree = "<group>"; };
		96DA02288EEA4E68A620336D /* b2ContactSolver.cpp */ = {isa = PBXFileReference; lastKnownFileType = sourcecode.c.cpp; name = b2ContactSolver.cpp; path = ../blocks/Box2D/src/Box2D/Dynamics/Contacts/b2ContactSolver.cpp; sourceTree = "<group>"; };
		9B9FEA85BBC84E73AE4A323F /* b2RopeJoint.h */ = {isa = PBXFileReference; lastKnownFileType = sourcecode.c.h; name = b2RopeJoint.h; path = ../blocks/Box2D/src/Box2D/Dynamics/Joints/b2RopeJoint.h; sourceTree = "<group>"; };
		9F77C0237E1D4B989E52F21E /* b2Distance.cpp */ = {isa = PBXFileReference; lastKnownFileType = sourcecode.c.cpp; name = b2Distance.cpp; path = ../blocks/Box2D/src/Box2D/Collision/b2Distance.cpp; sourceTree = "<group>"; };
		A0E44C1BCE254800B85336AC /* b2StackAllocator.h */ = {isa = PBXFileReference; lastKnownFileType = sourcecode.c.h; name = b2StackAllocator.h; path = ../blocks/Box2D/src/Box2D/Common/b2StackAllocator.h; sourceTree = "<group>"; };
		A86D6E0747E44099BB03870F /* CinderApp.icns */ = {isa = PBXFileReference; lastKnownFileType = image.icns; name = CinderApp.icns; path = ../resources/CinderApp.icns; sourceTree = "<group>"; };
		ADB48C823940413B8C1E809D /* b2PolygonContact.cpp */ = {isa = PBXFileReference; lastKnownFileType = sourcecode.c.cpp; name = b2PolygonContact.cpp; path = ../blocks/Box2D/src/Box2D/Dynamics/Contacts/b2PolygonContact.cpp; sourceTree = "<group>"; };
		B1C6590D26894D5493CE4CE7 /* b2Timer.cpp */ = {isa = PBXFileReference; lastKnownFileType = sourcecode.c.cpp; name = b2Timer.cpp; path = ../blocks/Box2D/src/Box2D/Common/b2Timer.cpp; sourceTree = "<group>"; };
		B35F230B10944CBCB834D296 /* b2Fixture.cpp */ = {isa = PBXFileReference; lastKnownFileType = sourcecode.c.cpp; name = b2Fixture.cpp; path = ../blocks/Box2D/src/Box2D/Dynamics/b2Fixture.cpp; sourceTree = "<group>"; };
		B3B071D6370A4BF194223CB9 /* Info.plist */ = {isa = PBXFileReference; lastKnownFileType = text.plist.xml; path = Info.plist; sourceTree = "<group>"; };
		B64ABD683D6340019D22F104 /* b2ChainAndPolygonContact.cpp */ = {isa = PBXFileReference; lastKnownFileType = sourcecode.c.cpp; name = b2ChainAndPolygonContact.cpp; path = ../blocks/Box2D/src/Box2D/Dynamics/Contacts/b2ChainAndPolygonContact.cpp; sourceTree = "<group>"; };
		B783AB2278D3496BA7ECF3D4 /* b2CircleShape.h */ = {isa = PBXFileReference; lastKnownFileType = sourcecode.c.h; name = b2CircleShape.h; path = ../blocks/Box2D/src/Box2D/Collision/Shapes/b2CircleShape.h; sourceTree = "<group>"; };
		BF989D08E66944D585F1419F /* b2Island.h */ = {isa = PBXFileReference; lastKnownFileType = sourcecode.c.h; name = b2Island.h; path = ../blocks/Box2D/src/Box2D/Dynamics/b2Island.h; sourceTree = "<group>"; };
		C52ACD8D6CCE41588D9396D1 /* b2GearJoint.h */ = {isa = PBXFileReference; lastKnownFileType = sourcecode.c.h; name = b2GearJoint.h; path = ../blocks/Box2D/src/Box2D/Dynamics/Joints/b2GearJoint.h; sourceTree = "<group>"; };
		C5797DF54FE54EE9A6FC5080 /* b2BroadPhase.cpp */ = {isa = PBXFileReference; lastKnownFileType = sourcecode.c.cpp; name = b2BroadPhase.cpp; path = ../blocks/Box2D/src/Box2D/Collision/b2BroadPhase.cpp; sourceTree = "<group>"; };
		C57F18EA993B435397F21215 /* b2PrismaticJoint.h */ = {isa = PBXFileReference; lastKnownFileType = sourcecode.c.h; name = b2PrismaticJoint.h; path = ../blocks/Box2D/src/Box2D/Dynamics/Joints/b2PrismaticJoint.h; sourceTree = "<group>"; };
		C9A3D5EFC84E4482BD6E78D5 /* b2WorldCallbacks.h */ = {isa = PBXFileReference; lastKnownFileType = sourcecode.c.h; name = b2WorldCallbacks.h; path = ../blocks/Box2D/src/Box2D/Dynamics/b2WorldCallbacks.h; sourceTree = "<group>"; };
		CA409C08B463485ABFD46E8B /* b2BroadPhase.h */ = {isa = PBXFileReference; lastKnownFileType = sourcecode.c.h; name = b2BroadPhase.h; path = ../blocks/Box2D/src/Box2D/Collision/b2BroadPhase.h; sourceTree = "<group>"; };
		CADCA3CC7FB54155913B9C5E /* b2ChainAndPolygonContact.h */ = {isa = PBXFileReference; lastKnownFileType = sourcecode.c.h; name = b2ChainAndPolygonContact.h; path = ../blocks/Box2D/src/Box2D/Dynamics/Contacts/b2ChainAndPolygonContact.h; sourceTree = "<group>"; };
		CB58040593BF41ED81A0422A /* b2FrictionJoint.cpp */ = {isa = PBXFileReference; lastKnownFileType = sourcecode.c.cpp; name = b2FrictionJoint.cpp; path = ../blocks/Box2D/src/Box2D/Dynamics/Joints/b2FrictionJoint.cpp; sourceTree = "<group>"; };
		CF5F2620B9D64621AD607161 /* b2GearJoint.cpp */ = {isa = PBXFileReference; lastKnownFileType = sourcecode.c.cpp; name = b2GearJoint.cpp; path = ../blocks/Box2D/src/Box2D/Dynamics/Joints/b2GearJoint.cpp; sourceTree = "<group>"; };
		D3C22C04691E40249152A46E /* QuadTree_Prefix.pch */ = {isa = PBXFileReference; lastKnownFileType = "\"\""; path = QuadTree_Prefix.pch; sourceTree = "<group>"; };
		D99717A244ED418D80B9324C /* b2RevoluteJoint.cpp */ = {isa = PBXFileReference; lastKnownFileType = sourcecode.c.cpp; name = b2RevoluteJoint.cpp; path = ../blocks/Box2D/src/Box2D/Dynamics/Joints/b2RevoluteJoint.cpp; sourceTree = "<group>"; };
		DA30D2507F2E4FAC9747B90F /* b2Island.cpp */ = {isa = PBXFileReference; lastKnownFileType = sourcecode.c.cpp; name = b2Island.cpp; path = ../blocks/Box2D/src/Box2D/Dynamics/b2Island.cpp; sourceTree = "<group>"; };
		DA66F0B5E58148BE94B6D7C7 /* b2EdgeShape.h */ = {isa = PBXFileReference; lastKnownFileType = sourcecode.c.h; name = b2EdgeShape.h; path = ../blocks/Box2D/src/Box2D/Collision/Shapes/b2EdgeShape.h; sourceTree = "<group>"; };
		DD5853EA8742437D8DFA5284 /* b2PolygonShape.cpp */ = {isa = PBXFileReference; lastKnownFileType = sourcecode.c.cpp; name = b2PolygonShape.cpp; path = ../blocks/Box2D/src/Box2D/Collision/Shapes/b2PolygonShape.cpp; sourceTree = "<group>"; };
		DEEE565507F64F049A836AE1 /* b2TimeOfImpact.cpp */ = {isa = PBXFileReference; lastKnownFileType = sourcecode.c.cpp; name = b2TimeOfImpact.cpp; path = ../blocks/Box2D/src/Box2D/Collision/b2TimeOfImpact.cpp; sourceTree = "<group>"; };
		DF9A4C9B6EA44818806C21E2 /* Resources.h */ = {isa = PBXFileReference; lastKnownFileType = sourcecode.c.h; name = Resources.h; path = ../include/Resources.h; sourceTree = "<group>"; };
		E5B6360195E442B2AA6C37B0 /* b2PrismaticJoint.cpp */ = {isa = PBXFileReference; lastKnownFileType = sourcecode.c.cpp; name = b2PrismaticJoint.cpp; path = ../blocks/Box2D/src/Box2D/Dynamics/Joints/b2PrismaticJoint.cpp; sourceTree = "<group>"; };
		E75E9368F8B8438F85DC59A7 /* b2DistanceJoint.h */ = {isa = PBXFileReference; lastKnownFileType = sourcecode.c.h; name = b2DistanceJoint.h; path = ../blocks/Box2D/src/Box2D/Dynamics/Joints/b2DistanceJoint.h; sourceTree = "<group>"; };
		E975DB99F80942F89A9DE20D /* b2Distance.h */ = {isa = PBXFileReference; lastKnownFileType = sourcecode.c.h; name = b2Distance.h; path = ../blocks/Box2D/src/Box2D/Collision/b2Distance.h; sourceTree = "<group>"; };
		E9817149A171491799DBA3D7 /* b2StackAllocator.cpp */ = {isa = PBXFileReference; lastKnownFileType = sourcecode.c.cpp; name = b2StackAllocator.cpp; path = ../blocks/Box2D/src/Box2D/Common/b2StackAllocator.cpp; sourceTree = "<group>"; };
		EA66229C985C40ECB369A5FE /* b2DynamicTree.h */ = {isa = PBXFileReference; lastKnownFileType = sourcecode.c.h; name = b2DynamicTree.h; path = ../blocks/Box2D/src/Box2D/Collision/b2DynamicTree.h; sourceTree = "<group>"; };
		EC08F5565B6445BD88251A27 /* b2CircleContact.h */ = {isa = PBXFileReference; lastKnownFileType = sourcecode.c.h; name = b2CircleContact.h; path = ../blocks/Box2D/src/Box2D/Dynamics/Contacts/b2CircleContact.h; sourceTree = "<group>"; };
		F02822B8139C40088DDAB73D /* b2BlockAllocator.cpp */ = {isa = PBXFileReference; lastKnownFileType = sourcecode.c.cpp; name = b2BlockAllocator.cpp; path = ../blocks/Box2D/src/Box2D/Common/b2BlockAllocator.cpp; sourceTree = "<group>"; };
		F3FD3AA3E9F54DC28461257C /* b2Fixture.h */ = {isa = PBXFileReference; lastKnownFileType = sourcecode.c.h; name = b2Fixture.h; path = ../blocks/Box2D/src/Box2D/Dynamics/b2Fixture.h; sourceTree = "<group>"; };
		FA85B2DD3FCC48569BC34EDE /* b2EdgeAndPolygonContact.h */ = {isa = PBXFileReference; lastKnownFileType = sourcecode.c.h; name = b2EdgeAndPolygonContact.h; path = ../blocks/Box2D/src/Box2D/Dynamics/Contacts/b2EdgeAndPolygonContact.h; sourceTree = "<group>"; };
		FDA4C93A7D3C424591FA847D /* b2EdgeAndCircleContact.h */ = {isa = PBXFileReference; lastKnownFileType = sourcecode.c.h; name = b2EdgeAndCircleContact.h; path = ../blocks/Box2D/src/Box2D/Dynamics/Contacts/b2EdgeAndCircleContact.h; sourceTree = "<group>"; };
		FE3A336D3B55433590CBA59C /* b2Shape.h */ = {isa = PBXFileReference; lastKnownFileType = sourcecode.c.h; name = b2Shape.h; path = ../blocks/Box2D/src/Box2D/Collision/Shapes/b2Shape.h; sourceTree = "<group>"; };
/* End PBXFileReference section */

/* Begin PBXFrameworksBuildPhase section */
		8D11072E0486CEB800E47090 /* Frameworks */ = {
			isa = PBXFrameworksBuildPhase;
			buildActionMask = 2147483647;
			files = (
				006D720419952D00008149E2 /* AVFoundation.framework in Frameworks */,
				006D720519952D00008149E2 /* CoreMedia.framework in Frameworks */,
				8D11072F0486CEB800E47090 /* Cocoa.framework in Frameworks */,
				0091D8F90E81B9330029341E /* OpenGL.framework in Frameworks */,
				5323E6B20EAFCA74003A9687 /* CoreVideo.framework in Frameworks */,
				00B784B30FF439BC000DE1D7 /* Accelerate.framework in Frameworks */,
				00B784B40FF439BC000DE1D7 /* AudioToolbox.framework in Frameworks */,
				00B784B50FF439BC000DE1D7 /* AudioUnit.framework in Frameworks */,
				00B784B60FF439BC000DE1D7 /* CoreAudio.framework in Frameworks */,
				00B9955A1B128DF400A5C623 /* IOKit.framework in Frameworks */,
				00B9955B1B128DF400A5C623 /* IOSurface.framework in Frameworks */,
			);
			runOnlyForDeploymentPostprocessing = 0;
		};
/* End PBXFrameworksBuildPhase section */

/* Begin PBXGroup section */
		01B97315FEAEA392516A2CEA /* Blocks */ = {
			isa = PBXGroup;
			children = (
				712851EF418A4D55A9BDA2F5 /* Box2D */,
			);
			name = Blocks;
			sourceTree = "<group>";
		};
		080E96DDFE201D6D7F000001 /* Source */ = {
			isa = PBXGroup;
			children = (
				63ED66000F114A0F865E5A55 /* QuadTreeApp.cpp */,
			);
			name = Source;
			sourceTree = "<group>";
		};
		1058C7A0FEA54F0111CA2CBB /* Linked Frameworks */ = {
			isa = PBXGroup;
			children = (
				006D720219952D00008149E2 /* AVFoundation.framework */,
				006D720319952D00008149E2 /* CoreMedia.framework */,
				00B784AF0FF439BC000DE1D7 /* Accelerate.framework */,
				00B784B00FF439BC000DE1D7 /* AudioToolbox.framework */,
				00B784B10FF439BC000DE1D7 /* AudioUnit.framework */,
				00B784B20FF439BC000DE1D7 /* CoreAudio.framework */,
				5323E6B10EAFCA74003A9687 /* CoreVideo.framework */,
				0091D8F80E81B9330029341E /* OpenGL.framework */,
				1058C7A1FEA54F0111CA2CBB /* Cocoa.framework */,
				00B995581B128DF400A5C623 /* IOKit.framework */,
				00B995591B128DF400A5C623 /* IOSurface.framework */,
			);
			name = "Linked Frameworks";
			sourceTree = "<group>";
		};
		1058C7A2FEA54F0111CA2CBB /* Other Frameworks */ = {
			isa = PBXGroup;
			children = (
				29B97324FDCFA39411CA2CEA /* AppKit.framework */,
				29B97325FDCFA39411CA2CEA /* Foundation.framework */,
			);
			name = "Other Frameworks";
			sourceTree = "<group>";
		};
		19C28FACFE9D520D11CA2CBB /* Products */ = {
			isa = PBXGroup;
			children = (
				8D1107320486CEB800E47090 /* QuadTree.app */,
			);
			name = Products;
			sourceTree = "<group>";
		};
		29B97314FDCFA39411CA2CEA /* QuadTree */ = {
			isa = PBXGroup;
			children = (
				01B97315FEAEA392516A2CEA /* Blocks */,
				29B97315FDCFA39411CA2CEA /* Headers */,
				080E96DDFE201D6D7F000001 /* Source */,
				29B97317FDCFA39411CA2CEA /* Resources */,
				29B97323FDCFA39411CA2CEA /* Frameworks */,
				19C28FACFE9D520D11CA2CBB /* Products */,
			);
			name = QuadTree;
			sourceTree = "<group>";
		};
		29B97315FDCFA39411CA2CEA /* Headers */ = {
			isa = PBXGroup;
			children = (
				DF9A4C9B6EA44818806C21E2 /* Resources.h */,
				D3C22C04691E40249152A46E /* QuadTree_Prefix.pch */,
				22A285BE28C3CCFB00688587 /* Quadtree.h */,
			);
			name = Headers;
			sourceTree = "<group>";
		};
		29B97317FDCFA39411CA2CEA /* Resources */ = {
			isa = PBXGroup;
			children = (
				A86D6E0747E44099BB03870F /* CinderApp.icns */,
				B3B071D6370A4BF194223CB9 /* Info.plist */,
			);
			name = Resources;
			sourceTree = "<group>";
		};
		29B97323FDCFA39411CA2CEA /* Frameworks */ = {
			isa = PBXGroup;
			children = (
				1058C7A0FEA54F0111CA2CBB /* Linked Frameworks */,
				1058C7A2FEA54F0111CA2CBB /* Other Frameworks */,
			);
			name = Frameworks;
			sourceTree = "<group>";
		};
		501E9FB23F704502A1744ED8 /* Joints */ = {
			isa = PBXGroup;
			children = (
				527E163096974733B3CB7C17 /* b2DistanceJoint.cpp */,
				CB58040593BF41ED81A0422A /* b2FrictionJoint.cpp */,
				CF5F2620B9D64621AD607161 /* b2GearJoint.cpp */,
				87011259B9D14D17B2F5C1C7 /* b2Joint.cpp */,
				32E04E706F544EEF9128CE64 /* b2MouseJoint.cpp */,
				E5B6360195E442B2AA6C37B0 /* b2PrismaticJoint.cpp */,
				64260711C2D04F6BA2C91421 /* b2PulleyJoint.cpp */,
				D99717A244ED418D80B9324C /* b2RevoluteJoint.cpp */,
				90B6C86B837F4355A6B508F5 /* b2RopeJoint.cpp */,
				59207162ADAC484C97F8AE30 /* b2WeldJoint.cpp */,
				875569B48D744E8ABF308249 /* b2WheelJoint.cpp */,
				E75E9368F8B8438F85DC59A7 /* b2DistanceJoint.h */,
				84D8F3F2414E4A90BE070F33 /* b2FrictionJoint.h */,
				C52ACD8D6CCE41588D9396D1 /* b2GearJoint.h */,
				7547958D7BEA47B687A8F60C /* b2Joint.h */,
				2EE061D94D2B41BB9E9B6110 /* b2MouseJoint.h */,
				C57F18EA993B435397F21215 /* b2PrismaticJoint.h */,
				862186A5EA07434398A32EE3 /* b2PulleyJoint.h */,
				6A13D59B2E9A484EA396835B /* b2RevoluteJoint.h */,
				9B9FEA85BBC84E73AE4A323F /* b2RopeJoint.h */,
				4634F0809D4D459FBBA2B5F9 /* b2WeldJoint.h */,
				6F3231EC457C4E91AF1A02F6 /* b2WheelJoint.h */,
			);
			name = Joints;
			sourceTree = "<group>";
		};
		712851EF418A4D55A9BDA2F5 /* Box2D */ = {
			isa = PBXGroup;
			children = (
				CD9E8A56E55E433EA3A599FD /* src */,
			);
			name = Box2D;
			sourceTree = "<group>";
		};
		865EFA5D9E3B450884D8667D /* Box2D */ = {
			isa = PBXGroup;
			children = (
				FE3C73D050BF433A80AD24BB /* Collision */,
				AA4279F2CA074FC4A6AD2592 /* Common */,
				F99907018014485AAE18CDC1 /* Dynamics */,
				AB039BD69EF145EC851CE3D5 /* Rope */,
				4D400006E8D54A1193BC55B6 /* Box2d.h */,
			);
			name = Box2D;
			sourceTree = "<group>";
		};
		AA4279F2CA074FC4A6AD2592 /* Common */ = {
			isa = PBXGroup;
			children = (
				F02822B8139C40088DDAB73D /* b2BlockAllocator.cpp */,
				7336FCDF19714683A18B1B7B /* b2Draw.cpp */,
				1D6948061B0D4762BA42E124 /* b2Math.cpp */,
				4FDBBF71886748C4925364F1 /* b2Settings.cpp */,
				E9817149A171491799DBA3D7 /* b2StackAllocator.cpp */,
				B1C6590D26894D5493CE4CE7 /* b2Timer.cpp */,
				0BB47EEF0FD54050B16F2A32 /* b2BlockAllocator.h */,
				3751F0D0E508430D8CFAF839 /* b2Draw.h */,
				0E1DD070FE43428DADF13863 /* b2GrowableStack.h */,
				0BAE0E4E4B2B4B8DA03818CC /* b2Math.h */,
				0E7C77ADD56A4110A286CED9 /* b2Settings.h */,
				A0E44C1BCE254800B85336AC /* b2StackAllocator.h */,
				5858DE473E9C48D093C0234E /* b2Timer.h */,
			);
			name = Common;
			sourceTree = "<group>";
		};
		AB039BD69EF145EC851CE3D5 /* Rope */ = {
			isa = PBXGroup;
			children = (
				5266C2AA1B3048BE9142801D /* b2Rope.cpp */,
				807A23CF09864189BE518812 /* b2Rope.h */,
			);
			name = Rope;
			sourceTree = "<group>";
		};
		CD04ED67A90A47A1BFE876EA /* Contacts */ = {
			isa = PBXGroup;
			children = (
				27F35CE62D324E728E3127A9 /* b2ChainAndCircleContact.cpp */,
				B64ABD683D6340019D22F104 /* b2ChainAndPolygonContact.cpp */,
				8F5C43B5AB7548CA81481689 /* b2CircleContact.cpp */,
				1E6EA5CC5C6642D6833A78CD /* b2Contact.cpp */,
				96DA02288EEA4E68A620336D /* b2ContactSolver.cpp */,
				226BE71F040E454E86E68E1E /* b2EdgeAndCircleContact.cpp */,
				27BEA0BCE4284EE496D85040 /* b2EdgeAndPolygonContact.cpp */,
				4D89BB1D99814086ACF9024E /* b2PolygonAndCircleContact.cpp */,
				ADB48C823940413B8C1E809D /* b2PolygonContact.cpp */,
				922D55EE8D6444FFB6E63A1D /* b2ChainAndCircleContact.h */,
				CADCA3CC7FB54155913B9C5E /* b2ChainAndPolygonContact.h */,
				EC08F5565B6445BD88251A27 /* b2CircleContact.h */,
				6490B6174556427989033E89 /* b2Contact.h */,
				640D15341EFB4B1095E03AFF /* b2ContactSolver.h */,
				FDA4C93A7D3C424591FA847D /* b2EdgeAndCircleContact.h */,
				FA85B2DD3FCC48569BC34EDE /* b2EdgeAndPolygonContact.h */,
				70BAE62D5A9449F8849B26EE /* b2PolygonAndCircleContact.h */,
				52046850FB6845C5B0D6439F /* b2PolygonContact.h */,
			);
			name = Contacts;
			sourceTree = "<group>";
		};
		CD9E8A56E55E433EA3A599FD /* src */ = {
			isa = PBXGroup;
			children = (
				865EFA5D9E3B450884D8667D /* Box2D */,
			);
			name = src;
			sourceTree = "<group>";
		};
		D3DA05AC5B33411AA2C60CBB /* Shapes */ = {
			isa = PBXGroup;
			children = (
				7983F8030C0E4DC380E85AD5 /* b2ChainShape.cpp */,
				81F26087FCE84C8C8FC2FABF /* b2CircleShape.cpp */,
				4E1405E55BA042A6AACBBBB1 /* b2EdgeShape.cpp */,
				DD5853EA8742437D8DFA5284 /* b2PolygonShape.cpp */,
				822A4BCC751A4A25BAF9959D /* b2ChainShape.h */,
				B783AB2278D3496BA7ECF3D4 /* b2CircleShape.h */,
				DA66F0B5E58148BE94B6D7C7 /* b2EdgeShape.h */,
				1849D5BC1DF942C3A415F05E /* b2PolygonShape.h */,
				FE3A336D3B55433590CBA59C /* b2Shape.h */,
			);
			name = Shapes;
			sourceTree = "<group>";
		};
		F99907018014485AAE18CDC1 /* Dynamics */ = {
			isa = PBXGroup;
			children = (
				339FEF36B3DA4479A00E169B /* b2Body.cpp */,
				0892293206674AA3818F2BD2 /* b2ContactManager.cpp */,
				B35F230B10944CBCB834D296 /* b2Fixture.cpp */,
				DA30D2507F2E4FAC9747B90F /* b2Island.cpp */,
				707019C1DB274CE1A3B46FFE /* b2World.cpp */,
				24592659AEC9420080CC0BCD /* b2WorldCallbacks.cpp */,
				940DD3945D104696878B4276 /* b2Body.h */,
				272895A26B444F7AB239A348 /* b2ContactManager.h */,
				F3FD3AA3E9F54DC28461257C /* b2Fixture.h */,
				BF989D08E66944D585F1419F /* b2Island.h */,
				1F9BAE18D7F84D45981EAC68 /* b2TimeStep.h */,
				1884496E9F0049D0ACA89531 /* b2World.h */,
				C9A3D5EFC84E4482BD6E78D5 /* b2WorldCallbacks.h */,
				CD04ED67A90A47A1BFE876EA /* Contacts */,
				501E9FB23F704502A1744ED8 /* Joints */,
			);
			name = Dynamics;
			sourceTree = "<group>";
		};
		FE3C73D050BF433A80AD24BB /* Collision */ = {
			isa = PBXGroup;
			children = (
				C5797DF54FE54EE9A6FC5080 /* b2BroadPhase.cpp */,
				879E4CC6561A4D22A9FFEFD0 /* b2CollideCircle.cpp */,
				84E561D99B9C406BBC701606 /* b2CollideEdge.cpp */,
				433D213525D449DD9820AB74 /* b2CollidePolygon.cpp */,
				7F093CE5968344AB96203498 /* b2Collision.cpp */,
				9F77C0237E1D4B989E52F21E /* b2Distance.cpp */,
				5108A9ED69CC4652ACFFD5A9 /* b2DynamicTree.cpp */,
				DEEE565507F64F049A836AE1 /* b2TimeOfImpact.cpp */,
				CA409C08B463485ABFD46E8B /* b2BroadPhase.h */,
				1D85F01A818A4A769736610F /* b2Collision.h */,
				E975DB99F80942F89A9DE20D /* b2Distance.h */,
				EA66229C985C40ECB369A5FE /* b2DynamicTree.h */,
				3FC3A16CFE2945F8AF807B8C /* b2TimeOfImpact.h */,
				D3DA05AC5B33411AA2C60CBB /* Shapes */,
			);
			name = Collision;
			sourceTree = "<group>";
		};
/* End PBXGroup section */

/* Begin PBXNativeTarget section */
		8D1107260486CEB800E47090 /* QuadTree */ = {
			isa = PBXNativeTarget;
			buildConfigurationList = C01FCF4A08A954540054247B /* Build configuration list for PBXNativeTarget "QuadTree" */;
			buildPhases = (
				8D1107290486CEB800E47090 /* Resources */,
				8D11072C0486CEB800E47090 /* Sources */,
				8D11072E0486CEB800E47090 /* Frameworks */,
			);
			buildRules = (
			);
			dependencies = (
			);
			name = QuadTree;
			productInstallPath = "$(HOME)/Applications";
			productName = QuadTree;
			productReference = 8D1107320486CEB800E47090 /* QuadTree.app */;
			productType = "com.apple.product-type.application";
		};
/* End PBXNativeTarget section */

/* Begin PBXProject section */
		29B97313FDCFA39411CA2CEA /* Project object */ = {
			isa = PBXProject;
			attributes = {
			};
			buildConfigurationList = C01FCF4E08A954540054247B /* Build configuration list for PBXProject "QuadTree" */;
			compatibilityVersion = "Xcode 3.2";
			developmentRegion = English;
			hasScannedForEncodings = 1;
			knownRegions = (
				English,
				Japanese,
				French,
				German,
			);
			mainGroup = 29B97314FDCFA39411CA2CEA /* QuadTree */;
			projectDirPath = "";
			projectRoot = "";
			targets = (
				8D1107260486CEB800E47090 /* QuadTree */,
			);
		};
/* End PBXProject section */

/* Begin PBXResourcesBuildPhase section */
		8D1107290486CEB800E47090 /* Resources */ = {
			isa = PBXResourcesBuildPhase;
			buildActionMask = 2147483647;
			files = (
				084F2FFC23144E459A99650F /* CinderApp.icns in Resources */,
			);
			runOnlyForDeploymentPostprocessing = 0;
		};
/* End PBXResourcesBuildPhase section */

/* Begin PBXSourcesBuildPhase section */
		8D11072C0486CEB800E47090 /* Sources */ = {
			isa = PBXSourcesBuildPhase;
			buildActionMask = 2147483647;
			files = (
				EF8B2622232E459DBDA0D45F /* QuadTreeApp.cpp in Sources */,
				C672A01A6AFA4556A47E3C33 /* b2BroadPhase.cpp in Sources */,
				DF7864158FD14ACF845DC65B /* b2CollideCircle.cpp in Sources */,
				54AE5A162BC54C58AF15931C /* b2CollideEdge.cpp in Sources */,
				917D9A009B624AF083815073 /* b2CollidePolygon.cpp in Sources */,
				6138CCF1FB76498B9407899C /* b2Collision.cpp in Sources */,
				FD4C962F4FBC490D8939B0F4 /* b2Distance.cpp in Sources */,
				4C5A7D9E3E504779B3E2C25E /* b2DynamicTree.cpp in Sources */,
				46D38221AF224B6792E99B17 /* b2TimeOfImpact.cpp in Sources */,
				A79C0B51059C4452B09C7288 /* b2ChainShape.cpp in Sources */,
				E32C87266BAB4D42BBF08880 /* b2CircleShape.cpp in Sources */,
				34D01F72E53D451A8363F89A /* b2EdgeShape.cpp in Sources */,
				5111C9BD7C7E4D789DE0F531 /* b2PolygonShape.cpp in Sources */,
				53453C885CD542DBB9EB2DE5 /* b2BlockAllocator.cpp in Sources */,
				111D4635DF5E46A385DD8A1F /* b2Draw.cpp in Sources */,
				FC636B54C057483C9345A886 /* b2Math.cpp in Sources */,
				37F271E1409E483CAAA6B53A /* b2Settings.cpp in Sources */,
				B0ADB28DACA64837A9E9DB2F /* b2StackAllocator.cpp in Sources */,
				D162C90A7A56480292090809 /* b2Timer.cpp in Sources */,
				03D0F7444F9640B5B388223A /* b2Body.cpp in Sources */,
				4EDB11DC2EE6404188FFC6E8 /* b2ContactManager.cpp in Sources */,
				22C11F91EB23438AA9556B6E /* b2Fixture.cpp in Sources */,
				8FD15B3174AF4A36AABB9C41 /* b2Island.cpp in Sources */,
				5B67F577EDF341338C909C82 /* b2World.cpp in Sources */,
				435E46E88A9F42388CBAE63D /* b2WorldCallbacks.cpp in Sources */,
				27D8685517954C73A3A21BB8 /* b2ChainAndCircleContact.cpp in Sources */,
				FD494EAC5BBD4DEC93B8FE51 /* b2ChainAndPolygonContact.cpp in Sources */,
				4AB642F473994BF2A35B54A6 /* b2CircleContact.cpp in Sources */,
				75B95CF58C174B048ECD08E9 /* b2Contact.cpp in Sources */,
				04D8E8CF64A34D37B9501017 /* b2ContactSolver.cpp in Sources */,
				4AD787F40E7B4592A18BB285 /* b2EdgeAndCircleContact.cpp in Sources */,
				E4B44A3F1B484781859BF2AF /* b2EdgeAndPolygonContact.cpp in Sources */,
				F7F2A25BAB5649919DE304F4 /* b2PolygonAndCircleContact.cpp in Sources */,
				5C8E2333EFE24FD4BFAA3520 /* b2PolygonContact.cpp in Sources */,
				18645BBE5E6043EF838EA6F5 /* b2DistanceJoint.cpp in Sources */,
				4474EEE7DCDD4F3FB0AD2903 /* b2FrictionJoint.cpp in Sources */,
				F7DF00F48A794220AD15BD58 /* b2GearJoint.cpp in Sources */,
				25C4D6E87913458699B083C0 /* b2Joint.cpp in Sources */,
				50A77FA60ECA4AE38F4893BB /* b2MouseJoint.cpp in Sources */,
				E829B6054F8C40F595BE8D6B /* b2PrismaticJoint.cpp in Sources */,
				B1DF30D837C7493FB9682EBB /* b2PulleyJoint.cpp in Sources */,
				251093CABF294669A521E0A7 /* b2RevoluteJoint.cpp in Sources */,
				3E313288A499406BA7E846F8 /* b2RopeJoint.cpp in Sources */,
				1DE683E2AB71464C9515740D /* b2WeldJoint.cpp in Sources */,
				2CFDC57FC581461DA93459F9 /* b2WheelJoint.cpp in Sources */,
				37132775755C48D6957D8A52 /* b2Rope.cpp in Sources */,
			);
			runOnlyForDeploymentPostprocessing = 0;
		};
/* End PBXSourcesBuildPhase section */

/* Begin XCBuildConfiguration section */
		C01FCF4B08A954540054247B /* Debug */ = {
			isa = XCBuildConfiguration;
			buildSettings = {
				COMBINE_HIDPI_IMAGES = YES;
				COPY_PHASE_STRIP = NO;
				DEAD_CODE_STRIPPING = YES;
				GCC_DYNAMIC_NO_PIC = NO;
				GCC_INLINES_ARE_PRIVATE_EXTERN = YES;
				GCC_OPTIMIZATION_LEVEL = 0;
				GCC_PRECOMPILE_PREFIX_HEADER = YES;
				GCC_PREFIX_HEADER = QuadTree_Prefix.pch;
				GCC_PREPROCESSOR_DEFINITIONS = (
					"DEBUG=1",
					"$(inherited)",
				);
				GCC_SYMBOLS_PRIVATE_EXTERN = NO;
				INFOPLIST_FILE = Info.plist;
				INSTALL_PATH = "$(HOME)/Applications";
				OTHER_LDFLAGS = "\"$(CINDER_PATH)/lib/macosx/$(CONFIGURATION)/libcinder.a\"";
				PRODUCT_BUNDLE_IDENTIFIER = "org.libcinder.${PRODUCT_NAME:rfc1034identifier}";
				PRODUCT_NAME = QuadTree;
				SYMROOT = ./build;
				WRAPPER_EXTENSION = app;
			};
			name = Debug;
		};
		C01FCF4C08A954540054247B /* Release */ = {
			isa = XCBuildConfiguration;
			buildSettings = {
				COMBINE_HIDPI_IMAGES = YES;
				DEAD_CODE_STRIPPING = YES;
				DEBUG_INFORMATION_FORMAT = "dwarf-with-dsym";
				GCC_FAST_MATH = YES;
				GCC_GENERATE_DEBUGGING_SYMBOLS = NO;
				GCC_INLINES_ARE_PRIVATE_EXTERN = YES;
				GCC_OPTIMIZATION_LEVEL = 3;
				GCC_PRECOMPILE_PREFIX_HEADER = YES;
				GCC_PREFIX_HEADER = QuadTree_Prefix.pch;
				GCC_PREPROCESSOR_DEFINITIONS = (
					"NDEBUG=1",
					"$(inherited)",
				);
				GCC_SYMBOLS_PRIVATE_EXTERN = NO;
				INFOPLIST_FILE = Info.plist;
				INSTALL_PATH = "$(HOME)/Applications";
				OTHER_LDFLAGS = "\"$(CINDER_PATH)/lib/macosx/$(CONFIGURATION)/libcinder.a\"";
				PRODUCT_BUNDLE_IDENTIFIER = "org.libcinder.${PRODUCT_NAME:rfc1034identifier}";
				PRODUCT_NAME = QuadTree;
				STRIP_INSTALLED_PRODUCT = YES;
				SYMROOT = ./build;
				WRAPPER_EXTENSION = app;
			};
			name = Release;
		};
		C01FCF4F08A954540054247B /* Debug */ = {
			isa = XCBuildConfiguration;
			buildSettings = {
				ALWAYS_SEARCH_USER_PATHS = NO;
				CINDER_PATH = ../../../../cinder_0.9.1_mac;
				CLANG_CXX_LANGUAGE_STANDARD = "c++11";
				CLANG_CXX_LIBRARY = "libc++";
				ENABLE_TESTABILITY = YES;
				GCC_WARN_ABOUT_RETURN_TYPE = YES;
				GCC_WARN_UNUSED_VARIABLE = YES;
				HEADER_SEARCH_PATHS = (
					"\"$(CINDER_PATH)/include\"",
					../blocks/Box2D/src,
				);
				MACOSX_DEPLOYMENT_TARGET = 10.8;
				ONLY_ACTIVE_ARCH = YES;
				SDKROOT = macosx;
				USER_HEADER_SEARCH_PATHS = "\"$(CINDER_PATH)/include\" ../include";
			};
			name = Debug;
		};
		C01FCF5008A954540054247B /* Release */ = {
			isa = XCBuildConfiguration;
			buildSettings = {
				ALWAYS_SEARCH_USER_PATHS = NO;
				CINDER_PATH = ../../../../cinder_0.9.1_mac;
				CLANG_CXX_LANGUAGE_STANDARD = "c++11";
				CLANG_CXX_LIBRARY = "libc++";
				GCC_WARN_ABOUT_RETURN_TYPE = YES;
				GCC_WARN_UNUSED_VARIABLE = YES;
				HEADER_SEARCH_PATHS = (
					"\"$(CINDER_PATH)/include\"",
					../blocks/Box2D/src,
				);
				MACOSX_DEPLOYMENT_TARGET = 10.8;
				SDKROOT = macosx;
				USER_HEADER_SEARCH_PATHS = "\"$(CINDER_PATH)/include\" ../include";
			};
			name = Release;
		};
/* End XCBuildConfiguration section */

/* Begin XCConfigurationList section */
		C01FCF4A08A954540054247B /* Build configuration list for PBXNativeTarget "QuadTree" */ = {
			isa = XCConfigurationList;
			buildConfigurations = (
				C01FCF4B08A954540054247B /* Debug */,
				C01FCF4C08A954540054247B /* Release */,
			);
			defaultConfigurationIsVisible = 0;
			defaultConfigurationName = Release;
		};
		C01FCF4E08A954540054247B /* Build configuration list for PBXProject "QuadTree" */ = {
			isa = XCConfigurationList;
			buildConfigurations = (
				C01FCF4F08A954540054247B /* Debug */,
				C01FCF5008A954540054247B /* Release */,
			);
			defaultConfigurationIsVisible = 0;
			defaultConfigurationName = Release;
		};
/* End XCConfigurationList section */
	};
	rootObject = 29B97313FDCFA39411CA2CEA /* Project object */;
}
